
Microsoft Visual Studio Solution File, Format Version 12.00
# Visual Studio 2012
Project("{FAE04EC0-301F-11D3-BF4B-00C04F79EFBC}") = "Distrib", "Distrib\Distrib.csproj", "{E7593B79-D107-4595-9B04-C4FFF42F035A}"
EndProject
Project("{FAE04EC0-301F-11D3-BF4B-00C04F79EFBC}") = "ConsoleApplication1", "ConsoleApplication1\ConsoleApplication1.csproj", "{680F9E36-0BBC-4D64-AD9B-E2F53EE825BF}"
EndProject
Project("{2150E333-8FDC-42A3-9474-1A3956D46DE8}") = "Tools", "Tools", "{978F4E0F-E9FF-4048-AFA2-D06980DD412B}"
EndProject
Project("{2150E333-8FDC-42A3-9474-1A3956D46DE8}") = "Process Node", "Process Node", "{0A530703-D4D3-409E-9002-032DBD921C90}"
EndProject
Project("{2150E333-8FDC-42A3-9474-1A3956D46DE8}") = "Process Runner", "Process Runner", "{59867D26-40D8-4545-A5CD-5E121E602FAD}"
EndProject
Project("{FAE04EC0-301F-11D3-BF4B-00C04F79EFBC}") = "ProcessRunner", "ProcessRunner\ProcessRunner.csproj", "{3C942342-E79D-438F-942E-7CF4FCA040E6}"
EndProject
Project("{2150E333-8FDC-42A3-9474-1A3956D46DE8}") = "IOC", "IOC", "{202BE6B1-C0C3-4714-B2CB-0E8D39D21B55}"
EndProject
Project("{FAE04EC0-301F-11D3-BF4B-00C04F79EFBC}") = "Distrib.Ninject", "Distrib.Ninject\Distrib.Ninject.csproj", "{55D1064B-F22E-4862-BE0A-36ECE03D1420}"
EndProject
Project("{2150E333-8FDC-42A3-9474-1A3956D46DE8}") = "Processes", "Processes", "{0827C3F1-DBC8-49D5-8D51-60B78434B930}"
EndProject
Project("{2150E333-8FDC-42A3-9474-1A3956D46DE8}") = "Maths", "Maths", "{B98BDBEA-E613-4A9A-BA02-69C24067FD70}"
EndProject
Project("{FAE04EC0-301F-11D3-BF4B-00C04F79EFBC}") = "MathOperationsProcessLibary", "MathOperationsProcessLibary\MathOperationsProcessLibary.csproj", "{B88DE181-F28C-4D22-B9D6-80091C36BB17}"
EndProject
Project("{2150E333-8FDC-42A3-9474-1A3956D46DE8}") = "Solution Items", "Solution Items", "{89B97063-4093-4C12-A9FB-2C1AAFC55B5B}"
	ProjectSection(SolutionItems) = preProject
		NOTICE.TXT = NOTICE.TXT
	EndProjectSection
EndProject
Project("{FAE04EC0-301F-11D3-BF4B-00C04F79EFBC}") = "ProcessNode", "ProcessNode\ProcessNode.csproj", "{223F2F5C-EC2A-4BCC-A790-C5C746904B1E}"
EndProject
Project("{2150E333-8FDC-42A3-9474-1A3956D46DE8}") = "Apps", "Apps", "{C474F7BB-5D54-4DBA-A52E-0F883D51BF11}"
EndProject
Project("{2150E333-8FDC-42A3-9474-1A3956D46DE8}") = "Core", "Core", "{3C4AB9CB-DA47-44A6-8560-393A27D9445E}"
EndProject
Project("{FAE04EC0-301F-11D3-BF4B-00C04F79EFBC}") = "DistribApps.Core", "DistribApps.Core\DistribApps.Core.csproj", "{7B8450FF-0BCA-4709-8233-73190A8B1E0B}"
EndProject
Project("{2150E333-8FDC-42A3-9474-1A3956D46DE8}") = "Modules", "Modules", "{75C9D676-6189-4B3F-840B-45D44E312C25}"
EndProject
Project("{2150E333-8FDC-42A3-9474-1A3956D46DE8}") = "Shared", "Shared", "{78E6621B-0A8A-4DEA-BCBB-2357FA4DA3B5}"
EndProject
Project("{FAE04EC0-301F-11D3-BF4B-00C04F79EFBC}") = "ProcessNode.Shared", "ProcessNode.Shared\ProcessNode.Shared.csproj", "{B6BE8413-60A1-4F1B-9AB9-D8AF81F7C561}"
EndProject
Project("{FAE04EC0-301F-11D3-BF4B-00C04F79EFBC}") = "ProcessNode.Modules.MainViewModule", "ProcessNode.Modules.MainViewModule\ProcessNode.Modules.MainViewModule.csproj", "{E9694961-4C36-421B-BB3A-08AF0369A5D0}"
EndProject
Project("{FAE04EC0-301F-11D3-BF4B-00C04F79EFBC}") = "ProcessNode.Modules.CommConfigModule", "ProcessNode.Modules.CommConfigModule\ProcessNode.Modules.CommConfigModule.csproj", "{436A6626-B875-4E10-8F0B-A43AF465B265}"
EndProject
Project("{2150E333-8FDC-42A3-9474-1A3956D46DE8}") = "Comms", "Comms", "{5F829E00-FB26-4BE1-A376-4AC66CCF3BD0}"
EndProject
Project("{FAE04EC0-301F-11D3-BF4B-00C04F79EFBC}") = "DistribApps.Comms", "DistribApps.Comms\DistribApps.Comms.csproj", "{88DCD562-3F97-4F78-B9BE-575AE135D539}"
EndProject
Project("{2150E333-8FDC-42A3-9474-1A3956D46DE8}") = "CommsProviders", "CommsProviders", "{3F2A89F9-69A6-4D14-88BB-D07A833D0C91}"
EndProject
Project("{FAE04EC0-301F-11D3-BF4B-00C04F79EFBC}") = "ProcessNode.Comms.TcpProvider", "ProcessNode.Comms.TcpProvider\ProcessNode.Comms.TcpProvider.csproj", "{B874C876-697C-473A-B2F9-9FC640B1EBAD}"
EndProject
Project("{FAE04EC0-301F-11D3-BF4B-00C04F79EFBC}") = "ProcessNode.Comms.NamedPipeProvider", "ProcessNode.Comms.NamedPipeProvider\ProcessNode.Comms.NamedPipeProvider.csproj", "{9D96672A-34F8-46F1-8EC8-827492C442EF}"
EndProject
Global
	GlobalSection(TeamFoundationVersionControl) = preSolution
		SccNumberOfProjects = 14
		SccEnterpriseProvider = {4CA58AB2-18FA-4F8D-95D4-32DDF27D184C}
		SccTeamFoundationServer = https://tfs.codeplex.com/tfs/tfs02
		SccLocalPath0 = .
		SccProjectUniqueName1 = ConsoleApplication1\\ConsoleApplication1.csproj
		SccProjectName1 = ConsoleApplication1
		SccLocalPath1 = ConsoleApplication1
		SccProjectUniqueName2 = Distrib\\Distrib.csproj
		SccProjectName2 = Distrib
		SccLocalPath2 = Distrib
		SccProjectUniqueName3 = ProcessRunner\\ProcessRunner.csproj
		SccProjectTopLevelParentUniqueName3 = Distrib.sln
		SccProjectName3 = ProcessRunner
		SccLocalPath3 = ProcessRunner
		SccProjectUniqueName4 = Distrib.Ninject\\Distrib.Ninject.csproj
		SccProjectTopLevelParentUniqueName4 = Distrib.sln
		SccProjectName4 = Distrib.Ninject
		SccLocalPath4 = Distrib.Ninject
		SccProjectUniqueName5 = MathOperationsProcessLibary\\MathOperationsProcessLibary.csproj
		SccProjectTopLevelParentUniqueName5 = Distrib.sln
		SccProjectName5 = MathOperationsProcessLibary
		SccLocalPath5 = MathOperationsProcessLibary
		SccProjectUniqueName6 = ProcessNode\\ProcessNode.csproj
		SccProjectTopLevelParentUniqueName6 = Distrib.sln
		SccProjectName6 = ProcessNode
		SccLocalPath6 = ProcessNode
		SccProjectUniqueName7 = DistribApps.Core\\DistribApps.Core.csproj
		SccProjectTopLevelParentUniqueName7 = Distrib.sln
		SccProjectName7 = DistribApps.Core
		SccLocalPath7 = DistribApps.Core
		SccProjectUniqueName8 = ProcessNode.Shared\\ProcessNode.Shared.csproj
		SccProjectTopLevelParentUniqueName8 = Distrib.sln
		SccProjectName8 = ProcessNode.Shared
		SccLocalPath8 = ProcessNode.Shared
		SccProjectUniqueName9 = ProcessNode.Modules.MainViewModule\\ProcessNode.Modules.MainViewModule.csproj
		SccProjectTopLevelParentUniqueName9 = Distrib.sln
		SccProjectName9 = ProcessNode.Modules.MainViewModule
		SccLocalPath9 = ProcessNode.Modules.MainViewModule
		SccProjectUniqueName10 = ProcessNode.Modules.CommConfigModule\\ProcessNode.Modules.CommConfigModule.csproj
		SccProjectTopLevelParentUniqueName10 = Distrib.sln
		SccProjectName10 = ProcessNode.Modules.CommConfigModule
		SccLocalPath10 = ProcessNode.Modules.CommConfigModule
		SccProjectUniqueName11 = DistribApps.Comms\\DistribApps.Comms.csproj
		SccProjectTopLevelParentUniqueName11 = Distrib.sln
		SccProjectName11 = DistribApps.Comms
		SccLocalPath11 = DistribApps.Comms
		SccProjectUniqueName12 = ProcessNode.Comms.TcpProvider\\ProcessNode.Comms.TcpProvider.csproj
		SccProjectTopLevelParentUniqueName12 = Distrib.sln
		SccProjectName12 = ProcessNode.Comms.TcpProvider
		SccLocalPath12 = ProcessNode.Comms.TcpProvider
		SccProjectUniqueName13 = ProcessNode.Comms.NamedPipeProvider\\ProcessNode.Comms.NamedPipeProvider.csproj
		SccProjectTopLevelParentUniqueName13 = Distrib.sln
		SccProjectName13 = ProcessNode.Comms.NamedPipeProvider
		SccLocalPath13 = ProcessNode.Comms.NamedPipeProvider
	EndGlobalSection
	GlobalSection(SolutionConfigurationPlatforms) = preSolution
		Debug|Any CPU = Debug|Any CPU
		Release|Any CPU = Release|Any CPU
	EndGlobalSection
	GlobalSection(ProjectConfigurationPlatforms) = postSolution
		{E7593B79-D107-4595-9B04-C4FFF42F035A}.Debug|Any CPU.ActiveCfg = Debug|Any CPU
		{E7593B79-D107-4595-9B04-C4FFF42F035A}.Debug|Any CPU.Build.0 = Debug|Any CPU
		{E7593B79-D107-4595-9B04-C4FFF42F035A}.Release|Any CPU.ActiveCfg = Release|Any CPU
		{E7593B79-D107-4595-9B04-C4FFF42F035A}.Release|Any CPU.Build.0 = Release|Any CPU
		{680F9E36-0BBC-4D64-AD9B-E2F53EE825BF}.Debug|Any CPU.ActiveCfg = Debug|Any CPU
		{680F9E36-0BBC-4D64-AD9B-E2F53EE825BF}.Debug|Any CPU.Build.0 = Debug|Any CPU
		{680F9E36-0BBC-4D64-AD9B-E2F53EE825BF}.Release|Any CPU.ActiveCfg = Release|Any CPU
		{680F9E36-0BBC-4D64-AD9B-E2F53EE825BF}.Release|Any CPU.Build.0 = Release|Any CPU
		{3C942342-E79D-438F-942E-7CF4FCA040E6}.Debug|Any CPU.ActiveCfg = Debug|Any CPU
		{3C942342-E79D-438F-942E-7CF4FCA040E6}.Debug|Any CPU.Build.0 = Debug|Any CPU
		{3C942342-E79D-438F-942E-7CF4FCA040E6}.Release|Any CPU.ActiveCfg = Release|Any CPU
		{3C942342-E79D-438F-942E-7CF4FCA040E6}.Release|Any CPU.Build.0 = Release|Any CPU
		{55D1064B-F22E-4862-BE0A-36ECE03D1420}.Debug|Any CPU.ActiveCfg = Debug|Any CPU
		{55D1064B-F22E-4862-BE0A-36ECE03D1420}.Debug|Any CPU.Build.0 = Debug|Any CPU
		{55D1064B-F22E-4862-BE0A-36ECE03D1420}.Release|Any CPU.ActiveCfg = Release|Any CPU
		{55D1064B-F22E-4862-BE0A-36ECE03D1420}.Release|Any CPU.Build.0 = Release|Any CPU
		{B88DE181-F28C-4D22-B9D6-80091C36BB17}.Debug|Any CPU.ActiveCfg = Debug|Any CPU
		{B88DE181-F28C-4D22-B9D6-80091C36BB17}.Debug|Any CPU.Build.0 = Debug|Any CPU
		{B88DE181-F28C-4D22-B9D6-80091C36BB17}.Release|Any CPU.ActiveCfg = Release|Any CPU
		{B88DE181-F28C-4D22-B9D6-80091C36BB17}.Release|Any CPU.Build.0 = Release|Any CPU
		{223F2F5C-EC2A-4BCC-A790-C5C746904B1E}.Debug|Any CPU.ActiveCfg = Debug|Any CPU
		{223F2F5C-EC2A-4BCC-A790-C5C746904B1E}.Debug|Any CPU.Build.0 = Debug|Any CPU
		{223F2F5C-EC2A-4BCC-A790-C5C746904B1E}.Release|Any CPU.ActiveCfg = Release|Any CPU
		{223F2F5C-EC2A-4BCC-A790-C5C746904B1E}.Release|Any CPU.Build.0 = Release|Any CPU
		{7B8450FF-0BCA-4709-8233-73190A8B1E0B}.Debug|Any CPU.ActiveCfg = Debug|Any CPU
		{7B8450FF-0BCA-4709-8233-73190A8B1E0B}.Debug|Any CPU.Build.0 = Debug|Any CPU
		{7B8450FF-0BCA-4709-8233-73190A8B1E0B}.Release|Any CPU.ActiveCfg = Release|Any CPU
		{7B8450FF-0BCA-4709-8233-73190A8B1E0B}.Release|Any CPU.Build.0 = Release|Any CPU
		{B6BE8413-60A1-4F1B-9AB9-D8AF81F7C561}.Debug|Any CPU.ActiveCfg = Debug|Any CPU
		{B6BE8413-60A1-4F1B-9AB9-D8AF81F7C561}.Debug|Any CPU.Build.0 = Debug|Any CPU
		{B6BE8413-60A1-4F1B-9AB9-D8AF81F7C561}.Release|Any CPU.ActiveCfg = Release|Any CPU
		{B6BE8413-60A1-4F1B-9AB9-D8AF81F7C561}.Release|Any CPU.Build.0 = Release|Any CPU
		{E9694961-4C36-421B-BB3A-08AF0369A5D0}.Debug|Any CPU.ActiveCfg = Debug|Any CPU
		{E9694961-4C36-421B-BB3A-08AF0369A5D0}.Debug|Any CPU.Build.0 = Debug|Any CPU
		{E9694961-4C36-421B-BB3A-08AF0369A5D0}.Release|Any CPU.ActiveCfg = Release|Any CPU
		{E9694961-4C36-421B-BB3A-08AF0369A5D0}.Release|Any CPU.Build.0 = Release|Any CPU
		{436A6626-B875-4E10-8F0B-A43AF465B265}.Debug|Any CPU.ActiveCfg = Debug|Any CPU
		{436A6626-B875-4E10-8F0B-A43AF465B265}.Debug|Any CPU.Build.0 = Debug|Any CPU
		{436A6626-B875-4E10-8F0B-A43AF465B265}.Release|Any CPU.ActiveCfg = Release|Any CPU
		{436A6626-B875-4E10-8F0B-A43AF465B265}.Release|Any CPU.Build.0 = Release|Any CPU
		{88DCD562-3F97-4F78-B9BE-575AE135D539}.Debug|Any CPU.ActiveCfg = Debug|Any CPU
		{88DCD562-3F97-4F78-B9BE-575AE135D539}.Debug|Any CPU.Build.0 = Debug|Any CPU
		{88DCD562-3F97-4F78-B9BE-575AE135D539}.Release|Any CPU.ActiveCfg = Release|Any CPU
		{88DCD562-3F97-4F78-B9BE-575AE135D539}.Release|Any CPU.Build.0 = Release|Any CPU
		{B874C876-697C-473A-B2F9-9FC640B1EBAD}.Debug|Any CPU.ActiveCfg = Debug|Any CPU
		{B874C876-697C-473A-B2F9-9FC640B1EBAD}.Debug|Any CPU.Build.0 = Debug|Any CPU
		{B874C876-697C-473A-B2F9-9FC640B1EBAD}.Release|Any CPU.ActiveCfg = Release|Any CPU
		{B874C876-697C-473A-B2F9-9FC640B1EBAD}.Release|Any CPU.Build.0 = Release|Any CPU
		{9D96672A-34F8-46F1-8EC8-827492C442EF}.Debug|Any CPU.ActiveCfg = Debug|Any CPU
		{9D96672A-34F8-46F1-8EC8-827492C442EF}.Debug|Any CPU.Build.0 = Debug|Any CPU
		{9D96672A-34F8-46F1-8EC8-827492C442EF}.Release|Any CPU.ActiveCfg = Release|Any CPU
		{9D96672A-34F8-46F1-8EC8-827492C442EF}.Release|Any CPU.Build.0 = Release|Any CPU
	EndGlobalSection
	GlobalSection(SolutionProperties) = preSolution
		HideSolutionNode = FALSE
	EndGlobalSection
	GlobalSection(NestedProjects) = preSolution
		{0A530703-D4D3-409E-9002-032DBD921C90} = {978F4E0F-E9FF-4048-AFA2-D06980DD412B}
		{59867D26-40D8-4545-A5CD-5E121E602FAD} = {978F4E0F-E9FF-4048-AFA2-D06980DD412B}
		{223F2F5C-EC2A-4BCC-A790-C5C746904B1E} = {0A530703-D4D3-409E-9002-032DBD921C90}
		{75C9D676-6189-4B3F-840B-45D44E312C25} = {0A530703-D4D3-409E-9002-032DBD921C90}
		{78E6621B-0A8A-4DEA-BCBB-2357FA4DA3B5} = {0A530703-D4D3-409E-9002-032DBD921C90}
		{3F2A89F9-69A6-4D14-88BB-D07A833D0C91} = {0A530703-D4D3-409E-9002-032DBD921C90}
		{3C942342-E79D-438F-942E-7CF4FCA040E6} = {59867D26-40D8-4545-A5CD-5E121E602FAD}
		{55D1064B-F22E-4862-BE0A-36ECE03D1420} = {202BE6B1-C0C3-4714-B2CB-0E8D39D21B55}
		{B98BDBEA-E613-4A9A-BA02-69C24067FD70} = {0827C3F1-DBC8-49D5-8D51-60B78434B930}
		{B88DE181-F28C-4D22-B9D6-80091C36BB17} = {B98BDBEA-E613-4A9A-BA02-69C24067FD70}
		{3C4AB9CB-DA47-44A6-8560-393A27D9445E} = {C474F7BB-5D54-4DBA-A52E-0F883D51BF11}
		{5F829E00-FB26-4BE1-A376-4AC66CCF3BD0} = {C474F7BB-5D54-4DBA-A52E-0F883D51BF11}
		{7B8450FF-0BCA-4709-8233-73190A8B1E0B} = {3C4AB9CB-DA47-44A6-8560-393A27D9445E}
		{E9694961-4C36-421B-BB3A-08AF0369A5D0} = {75C9D676-6189-4B3F-840B-45D44E312C25}
		{436A6626-B875-4E10-8F0B-A43AF465B265} = {75C9D676-6189-4B3F-840B-45D44E312C25}
		{B6BE8413-60A1-4F1B-9AB9-D8AF81F7C561} = {78E6621B-0A8A-4DEA-BCBB-2357FA4DA3B5}
		{88DCD562-3F97-4F78-B9BE-575AE135D539} = {5F829E00-FB26-4BE1-A376-4AC66CCF3BD0}
		{B874C876-697C-473A-B2F9-9FC640B1EBAD} = {3F2A89F9-69A6-4D14-88BB-D07A833D0C91}
		{9D96672A-34F8-46F1-8EC8-827492C442EF} = {3F2A89F9-69A6-4D14-88BB-D07A833D0C91}
	EndGlobalSection
EndGlobal
