
Microsoft Visual Studio Solution File, Format Version 12.00
# Visual Studio 2012
Project("{FAE04EC0-301F-11D3-BF4B-00C04F79EFBC}") = "Distrib", "Distrib\Distrib.csproj", "{E7593B79-D107-4595-9B04-C4FFF42F035A}"
EndProject
Project("{FAE04EC0-301F-11D3-BF4B-00C04F79EFBC}") = "ConsoleApplication1", "ConsoleApplication1\ConsoleApplication1.csproj", "{680F9E36-0BBC-4D64-AD9B-E2F53EE825BF}"
EndProject
Project("{FAE04EC0-301F-11D3-BF4B-00C04F79EFBC}") = "TestLibrary", "TestLibrary\TestLibrary.csproj", "{54B74BF1-09ED-4A92-88DA-1C66FF458531}"
EndProject
Project("{2150E333-8FDC-42A3-9474-1A3956D46DE8}") = "Documentation", "Documentation", "{2F6FE43B-8F75-4470-B47A-08685BABD081}"
	ProjectSection(SolutionItems) = preProject
		A note on plugin implementation.txt = A note on plugin implementation.txt
		A note on separation.txt = A note on separation.txt
		Process System Design.txt = Process System Design.txt
	EndProjectSection
EndProject
Project("{FAE04EC0-301F-11D3-BF4B-00C04F79EFBC}") = "ProcessTester", "ProcessTester\ProcessTester.csproj", "{700D7FD4-7E11-4EC9-831A-5E163D3EAA92}"
EndProject
Global
	GlobalSection(TeamFoundationVersionControl) = preSolution
		SccNumberOfProjects = 5
		SccEnterpriseProvider = {4CA58AB2-18FA-4F8D-95D4-32DDF27D184C}
		SccTeamFoundationServer = https://tfs.codeplex.com/tfs/tfs02
		SccLocalPath0 = .
		SccProjectUniqueName1 = Distrib\\Distrib.csproj
		SccProjectName1 = Distrib
		SccLocalPath1 = Distrib
		SccProjectUniqueName2 = ConsoleApplication1\\ConsoleApplication1.csproj
		SccProjectName2 = ConsoleApplication1
		SccLocalPath2 = ConsoleApplication1
		SccProjectUniqueName3 = TestLibrary\\TestLibrary.csproj
		SccProjectName3 = TestLibrary
		SccLocalPath3 = TestLibrary
		SccProjectUniqueName4 = ProcessTester\\ProcessTester.csproj
		SccProjectName4 = ProcessTester
		SccLocalPath4 = ProcessTester
	EndGlobalSection
	GlobalSection(SolutionConfigurationPlatforms) = preSolution
		Debug|Any CPU = Debug|Any CPU
		Release|Any CPU = Release|Any CPU
	EndGlobalSection
	GlobalSection(ProjectConfigurationPlatforms) = postSolution
		{E7593B79-D107-4595-9B04-C4FFF42F035A}.Debug|Any CPU.ActiveCfg = Debug|Any CPU
		{E7593B79-D107-4595-9B04-C4FFF42F035A}.Debug|Any CPU.Build.0 = Debug|Any CPU
		{E7593B79-D107-4595-9B04-C4FFF42F035A}.Release|Any CPU.ActiveCfg = Release|Any CPU
		{E7593B79-D107-4595-9B04-C4FFF42F035A}.Release|Any CPU.Build.0 = Release|Any CPU
		{680F9E36-0BBC-4D64-AD9B-E2F53EE825BF}.Debug|Any CPU.ActiveCfg = Debug|Any CPU
		{680F9E36-0BBC-4D64-AD9B-E2F53EE825BF}.Debug|Any CPU.Build.0 = Debug|Any CPU
		{680F9E36-0BBC-4D64-AD9B-E2F53EE825BF}.Release|Any CPU.ActiveCfg = Release|Any CPU
		{680F9E36-0BBC-4D64-AD9B-E2F53EE825BF}.Release|Any CPU.Build.0 = Release|Any CPU
		{54B74BF1-09ED-4A92-88DA-1C66FF458531}.Debug|Any CPU.ActiveCfg = Debug|Any CPU
		{54B74BF1-09ED-4A92-88DA-1C66FF458531}.Debug|Any CPU.Build.0 = Debug|Any CPU
		{54B74BF1-09ED-4A92-88DA-1C66FF458531}.Release|Any CPU.ActiveCfg = Release|Any CPU
		{54B74BF1-09ED-4A92-88DA-1C66FF458531}.Release|Any CPU.Build.0 = Release|Any CPU
		{700D7FD4-7E11-4EC9-831A-5E163D3EAA92}.Debug|Any CPU.ActiveCfg = Debug|Any CPU
		{700D7FD4-7E11-4EC9-831A-5E163D3EAA92}.Debug|Any CPU.Build.0 = Debug|Any CPU
		{700D7FD4-7E11-4EC9-831A-5E163D3EAA92}.Release|Any CPU.ActiveCfg = Release|Any CPU
		{700D7FD4-7E11-4EC9-831A-5E163D3EAA92}.Release|Any CPU.Build.0 = Release|Any CPU
	EndGlobalSection
	GlobalSection(SolutionProperties) = preSolution
		HideSolutionNode = FALSE
	EndGlobalSection
EndGlobal
