
Microsoft Visual Studio Solution File, Format Version 12.00
# Visual Studio 2012
Project("{FAE04EC0-301F-11D3-BF4B-00C04F79EFBC}") = "Distrib", "Distrib\Distrib.csproj", "{E7593B79-D107-4595-9B04-C4FFF42F035A}"
EndProject
Project("{FAE04EC0-301F-11D3-BF4B-00C04F79EFBC}") = "ConsoleApplication1", "ConsoleApplication1\ConsoleApplication1.csproj", "{680F9E36-0BBC-4D64-AD9B-E2F53EE825BF}"
EndProject
Project("{2150E333-8FDC-42A3-9474-1A3956D46DE8}") = "Tools", "Tools", "{978F4E0F-E9FF-4048-AFA2-D06980DD412B}"
EndProject
Project("{2150E333-8FDC-42A3-9474-1A3956D46DE8}") = "Process Node", "Process Node", "{0A530703-D4D3-409E-9002-032DBD921C90}"
EndProject
Project("{2150E333-8FDC-42A3-9474-1A3956D46DE8}") = "Process Runner", "Process Runner", "{59867D26-40D8-4545-A5CD-5E121E602FAD}"
EndProject
Project("{FAE04EC0-301F-11D3-BF4B-00C04F79EFBC}") = "ProcessRunner", "ProcessRunner\ProcessRunner.csproj", "{3C942342-E79D-438F-942E-7CF4FCA040E6}"
EndProject
Project("{2150E333-8FDC-42A3-9474-1A3956D46DE8}") = "IOC", "IOC", "{202BE6B1-C0C3-4714-B2CB-0E8D39D21B55}"
EndProject
Project("{FAE04EC0-301F-11D3-BF4B-00C04F79EFBC}") = "Distrib.Ninject", "Distrib.Ninject\Distrib.Ninject.csproj", "{55D1064B-F22E-4862-BE0A-36ECE03D1420}"
EndProject
Project("{2150E333-8FDC-42A3-9474-1A3956D46DE8}") = "Processes", "Processes", "{0827C3F1-DBC8-49D5-8D51-60B78434B930}"
EndProject
Project("{2150E333-8FDC-42A3-9474-1A3956D46DE8}") = "Maths", "Maths", "{B98BDBEA-E613-4A9A-BA02-69C24067FD70}"
EndProject
Project("{FAE04EC0-301F-11D3-BF4B-00C04F79EFBC}") = "MathOperationsProcessLibary", "MathOperationsProcessLibary\MathOperationsProcessLibary.csproj", "{B88DE181-F28C-4D22-B9D6-80091C36BB17}"
EndProject
Project("{2150E333-8FDC-42A3-9474-1A3956D46DE8}") = "Solution Items", "Solution Items", "{89B97063-4093-4C12-A9FB-2C1AAFC55B5B}"
	ProjectSection(SolutionItems) = preProject
		NOTICE.TXT = NOTICE.TXT
	EndProjectSection
EndProject
Global
	GlobalSection(TeamFoundationVersionControl) = preSolution
		SccNumberOfProjects = 6
		SccEnterpriseProvider = {4CA58AB2-18FA-4F8D-95D4-32DDF27D184C}
		SccTeamFoundationServer = https://tfs.codeplex.com/tfs/tfs02
		SccLocalPath0 = .
		SccProjectUniqueName1 = ConsoleApplication1\\ConsoleApplication1.csproj
		SccProjectName1 = ConsoleApplication1
		SccLocalPath1 = ConsoleApplication1
		SccProjectUniqueName2 = Distrib\\Distrib.csproj
		SccProjectName2 = Distrib
		SccLocalPath2 = Distrib
		SccProjectUniqueName3 = ProcessRunner\\ProcessRunner.csproj
		SccProjectTopLevelParentUniqueName3 = Distrib.sln
		SccProjectName3 = ProcessRunner
		SccLocalPath3 = ProcessRunner
		SccProjectUniqueName4 = Distrib.Ninject\\Distrib.Ninject.csproj
		SccProjectTopLevelParentUniqueName4 = Distrib.sln
		SccProjectName4 = Distrib.Ninject
		SccLocalPath4 = Distrib.Ninject
		SccProjectUniqueName5 = MathOperationsProcessLibary\\MathOperationsProcessLibary.csproj
		SccProjectTopLevelParentUniqueName5 = Distrib.sln
		SccProjectName5 = MathOperationsProcessLibary
		SccLocalPath5 = MathOperationsProcessLibary
	EndGlobalSection
	GlobalSection(SolutionConfigurationPlatforms) = preSolution
		Debug|Any CPU = Debug|Any CPU
		Release|Any CPU = Release|Any CPU
	EndGlobalSection
	GlobalSection(ProjectConfigurationPlatforms) = postSolution
		{E7593B79-D107-4595-9B04-C4FFF42F035A}.Debug|Any CPU.ActiveCfg = Debug|Any CPU
		{E7593B79-D107-4595-9B04-C4FFF42F035A}.Debug|Any CPU.Build.0 = Debug|Any CPU
		{E7593B79-D107-4595-9B04-C4FFF42F035A}.Release|Any CPU.ActiveCfg = Release|Any CPU
		{E7593B79-D107-4595-9B04-C4FFF42F035A}.Release|Any CPU.Build.0 = Release|Any CPU
		{680F9E36-0BBC-4D64-AD9B-E2F53EE825BF}.Debug|Any CPU.ActiveCfg = Debug|Any CPU
		{680F9E36-0BBC-4D64-AD9B-E2F53EE825BF}.Debug|Any CPU.Build.0 = Debug|Any CPU
		{680F9E36-0BBC-4D64-AD9B-E2F53EE825BF}.Release|Any CPU.ActiveCfg = Release|Any CPU
		{680F9E36-0BBC-4D64-AD9B-E2F53EE825BF}.Release|Any CPU.Build.0 = Release|Any CPU
		{3C942342-E79D-438F-942E-7CF4FCA040E6}.Debug|Any CPU.ActiveCfg = Debug|Any CPU
		{3C942342-E79D-438F-942E-7CF4FCA040E6}.Debug|Any CPU.Build.0 = Debug|Any CPU
		{3C942342-E79D-438F-942E-7CF4FCA040E6}.Release|Any CPU.ActiveCfg = Release|Any CPU
		{3C942342-E79D-438F-942E-7CF4FCA040E6}.Release|Any CPU.Build.0 = Release|Any CPU
		{55D1064B-F22E-4862-BE0A-36ECE03D1420}.Debug|Any CPU.ActiveCfg = Debug|Any CPU
		{55D1064B-F22E-4862-BE0A-36ECE03D1420}.Debug|Any CPU.Build.0 = Debug|Any CPU
		{55D1064B-F22E-4862-BE0A-36ECE03D1420}.Release|Any CPU.ActiveCfg = Release|Any CPU
		{55D1064B-F22E-4862-BE0A-36ECE03D1420}.Release|Any CPU.Build.0 = Release|Any CPU
		{B88DE181-F28C-4D22-B9D6-80091C36BB17}.Debug|Any CPU.ActiveCfg = Debug|Any CPU
		{B88DE181-F28C-4D22-B9D6-80091C36BB17}.Debug|Any CPU.Build.0 = Debug|Any CPU
		{B88DE181-F28C-4D22-B9D6-80091C36BB17}.Release|Any CPU.ActiveCfg = Release|Any CPU
		{B88DE181-F28C-4D22-B9D6-80091C36BB17}.Release|Any CPU.Build.0 = Release|Any CPU
	EndGlobalSection
	GlobalSection(SolutionProperties) = preSolution
		HideSolutionNode = FALSE
	EndGlobalSection
	GlobalSection(NestedProjects) = preSolution
		{0A530703-D4D3-409E-9002-032DBD921C90} = {978F4E0F-E9FF-4048-AFA2-D06980DD412B}
		{59867D26-40D8-4545-A5CD-5E121E602FAD} = {978F4E0F-E9FF-4048-AFA2-D06980DD412B}
		{3C942342-E79D-438F-942E-7CF4FCA040E6} = {59867D26-40D8-4545-A5CD-5E121E602FAD}
		{55D1064B-F22E-4862-BE0A-36ECE03D1420} = {202BE6B1-C0C3-4714-B2CB-0E8D39D21B55}
		{B98BDBEA-E613-4A9A-BA02-69C24067FD70} = {0827C3F1-DBC8-49D5-8D51-60B78434B930}
		{B88DE181-F28C-4D22-B9D6-80091C36BB17} = {B98BDBEA-E613-4A9A-BA02-69C24067FD70}
	EndGlobalSection
EndGlobal
